
Microsoft Visual Studio Solution File, Format Version 12.00
# Visual Studio Version 16
VisualStudioVersion = 16.0.33214.272
MinimumVisualStudioVersion = 10.0.40219.1
Project("{FAE04EC0-301F-11D3-BF4B-00C04F79EFBC}") = "Infinite.DoctorAppointmentSystem", "Infinite.DoctorAppointmentSystem\Infinite.DoctorAppointmentSystem.csproj", "{C6255E30-370B-46B9-B029-1E43AA089D1A}"
EndProject
Global
	GlobalSection(SolutionConfigurationPlatforms) = preSolution
		Debug|Any CPU = Debug|Any CPU
		Release|Any CPU = Release|Any CPU
	EndGlobalSection
	GlobalSection(ProjectConfigurationPlatforms) = postSolution
		{C6255E30-370B-46B9-B029-1E43AA089D1A}.Debug|Any CPU.ActiveCfg = Debug|Any CPU
		{C6255E30-370B-46B9-B029-1E43AA089D1A}.Debug|Any CPU.Build.0 = Debug|Any CPU
		{C6255E30-370B-46B9-B029-1E43AA089D1A}.Release|Any CPU.ActiveCfg = Release|Any CPU
		{C6255E30-370B-46B9-B029-1E43AA089D1A}.Release|Any CPU.Build.0 = Release|Any CPU
	EndGlobalSection
	GlobalSection(SolutionProperties) = preSolution
		HideSolutionNode = FALSE
	EndGlobalSection
	GlobalSection(ExtensibilityGlobals) = postSolution
		SolutionGuid = {53B89C76-F872-4D08-8181-3DA5F218C768}
	EndGlobalSection
EndGlobal
